
Microsoft Visual Studio Solution File, Format Version 12.00
# Visual Studio Version 17
VisualStudioVersion = 17.13.35931.197 d17.13
MinimumVisualStudioVersion = 10.0.40219.1
Project("{FAE04EC0-301F-11D3-BF4B-00C04F79EFBC}") = "ListaCompra", "ListaCompra\ListaCompra.csproj", "{9E923D59-C79D-4774-89AC-FCD251120D02}"
EndProject
Global
	GlobalSection(SolutionConfigurationPlatforms) = preSolution
		Debug|Any CPU = Debug|Any CPU
		Release|Any CPU = Release|Any CPU
	EndGlobalSection
	GlobalSection(ProjectConfigurationPlatforms) = postSolution
		{9E923D59-C79D-4774-89AC-FCD251120D02}.Debug|Any CPU.ActiveCfg = Debug|Any CPU
		{9E923D59-C79D-4774-89AC-FCD251120D02}.Debug|Any CPU.Build.0 = Debug|Any CPU
		{9E923D59-C79D-4774-89AC-FCD251120D02}.Release|Any CPU.ActiveCfg = Release|Any CPU
		{9E923D59-C79D-4774-89AC-FCD251120D02}.Release|Any CPU.Build.0 = Release|Any CPU
	EndGlobalSection
	GlobalSection(SolutionProperties) = preSolution
		HideSolutionNode = FALSE
	EndGlobalSection
	GlobalSection(ExtensibilityGlobals) = postSolution
		SolutionGuid = {658452FD-5AD4-432B-8E40-C612DAB48FC5}
	EndGlobalSection
EndGlobal
